# THIS IS AN AUTOGENERATED FILE. DO NOT EDIT THIS FILE DIRECTLY.
# yarn lockfile v1


"@types/node-fetch@2.5.2":
  version "2.5.2"
  resolved "https://registry.yarnpkg.com/@types/node-fetch/-/node-fetch-2.5.2.tgz#76906dea5b3d6901e50e63e15249c9bcd6e9676e"
  integrity sha512-djYYKmdNRSBtL1x4CiE9UJb9yZhwtI1VC+UxZD0psNznrUj80ywsxKlEGAE+QL1qvLjPbfb24VosjkYM6W4RSQ==
  dependencies:
    "@types/node" "*"

"@types/node@*":
  version "12.7.0"
  resolved "https://registry.yarnpkg.com/@types/node/-/node-12.7.0.tgz#545dde2a1a5c27d281cfb8308d6736e0708f5d6c"
  integrity sha512-vqcj1MVm2Sla4PpMfYKh1MyDN4D2f/mPIZD7RdAGqEsbE+JxfeqQHHVbRDQ0Nqn8i73gJa1HQ1Pu3+nH4Q0Yiw==

node-fetch@^2.6.0:
  version "2.6.0"
  resolved "https://registry.yarnpkg.com/node-fetch/-/node-fetch-2.6.0.tgz#e633456386d4aa55863f676a7ab0daa8fdecb0fd"
  integrity sha512-8dG4H5ujfvFiqDmVu9fQ5bOHUC15JMjMY/Zumv26oOvvVJjM67KF8koCWIabKQ1GJIa9r2mMZscBq/TbdOcmNA==

querystring@^0.2.0:
  version "0.2.0"
  resolved "https://registry.yarnpkg.com/querystring/-/querystring-0.2.0.tgz#b209849203bb25df820da756e747005878521620"
  integrity sha1-sgmEkgO7Jd+CDadW50cAWHhSFiA=
